
Microsoft Visual Studio Solution File, Format Version 12.00
# Visual Studio 2013
VisualStudioVersion = 12.0.21005.1
MinimumVisualStudioVersion = 10.0.40219.1
Project("{FAE04EC0-301F-11D3-BF4B-00C04F79EFBC}") = "AsyncServer", "AsyncServer\AsyncServer.csproj", "{F55B8FC6-9FAB-4F52-AFDB-C01C6E88424D}"
EndProject
Project("{FAE04EC0-301F-11D3-BF4B-00C04F79EFBC}") = "AsyncClient", "AsyncClient\AsyncClient.csproj", "{5E68D140-CF57-4EA3-80BA-24CA2735977B}"
EndProject
Global
	GlobalSection(SolutionConfigurationPlatforms) = preSolution
		Debug|Any CPU = Debug|Any CPU
		Release|Any CPU = Release|Any CPU
	EndGlobalSection
	GlobalSection(ProjectConfigurationPlatforms) = postSolution
		{F55B8FC6-9FAB-4F52-AFDB-C01C6E88424D}.Debug|Any CPU.ActiveCfg = Debug|Any CPU
		{F55B8FC6-9FAB-4F52-AFDB-C01C6E88424D}.Debug|Any CPU.Build.0 = Debug|Any CPU
		{F55B8FC6-9FAB-4F52-AFDB-C01C6E88424D}.Release|Any CPU.ActiveCfg = Release|Any CPU
		{F55B8FC6-9FAB-4F52-AFDB-C01C6E88424D}.Release|Any CPU.Build.0 = Release|Any CPU
		{5E68D140-CF57-4EA3-80BA-24CA2735977B}.Debug|Any CPU.ActiveCfg = Debug|Any CPU
		{5E68D140-CF57-4EA3-80BA-24CA2735977B}.Debug|Any CPU.Build.0 = Debug|Any CPU
		{5E68D140-CF57-4EA3-80BA-24CA2735977B}.Release|Any CPU.ActiveCfg = Release|Any CPU
		{5E68D140-CF57-4EA3-80BA-24CA2735977B}.Release|Any CPU.Build.0 = Release|Any CPU
	EndGlobalSection
	GlobalSection(SolutionProperties) = preSolution
		HideSolutionNode = FALSE
	EndGlobalSection
EndGlobal
